
Microsoft Visual Studio Solution File, Format Version 12.00
# Visual Studio Version 17
VisualStudioVersion = 17.5.33502.453
MinimumVisualStudioVersion = 10.0.40219.1
Project("{FAE04EC0-301F-11D3-BF4B-00C04F79EFBC}") = "JogoForca", "JogoForca.csproj", "{109708BC-5418-404C-99C2-23C307FD3517}"
EndProject
Global
	GlobalSection(SolutionConfigurationPlatforms) = preSolution
		Debug|Any CPU = Debug|Any CPU
		Release|Any CPU = Release|Any CPU
	EndGlobalSection
	GlobalSection(ProjectConfigurationPlatforms) = postSolution
		{109708BC-5418-404C-99C2-23C307FD3517}.Debug|Any CPU.ActiveCfg = Debug|Any CPU
		{109708BC-5418-404C-99C2-23C307FD3517}.Debug|Any CPU.Build.0 = Debug|Any CPU
		{109708BC-5418-404C-99C2-23C307FD3517}.Release|Any CPU.ActiveCfg = Release|Any CPU
		{109708BC-5418-404C-99C2-23C307FD3517}.Release|Any CPU.Build.0 = Release|Any CPU
	EndGlobalSection
	GlobalSection(SolutionProperties) = preSolution
		HideSolutionNode = FALSE
	EndGlobalSection
	GlobalSection(ExtensibilityGlobals) = postSolution
		SolutionGuid = {72809530-CC82-4255-8A7F-575C5180E8A6}
	EndGlobalSection
EndGlobal
